
Microsoft Visual Studio Solution File, Format Version 12.00
Project("{FAE04EC0-301F-11D3-BF4B-00C04F79EFBC}") = "KursovaDBFinal", "KursovaDBFinal\KursovaDBFinal.csproj", "{76A4BEF1-EFF6-4DD4-A9F8-529653196443}"
EndProject
Global
	GlobalSection(SolutionConfigurationPlatforms) = preSolution
		Debug|Any CPU = Debug|Any CPU
		Release|Any CPU = Release|Any CPU
	EndGlobalSection
	GlobalSection(ProjectConfigurationPlatforms) = postSolution
		{76A4BEF1-EFF6-4DD4-A9F8-529653196443}.Debug|Any CPU.ActiveCfg = Debug|Any CPU
		{76A4BEF1-EFF6-4DD4-A9F8-529653196443}.Debug|Any CPU.Build.0 = Debug|Any CPU
		{76A4BEF1-EFF6-4DD4-A9F8-529653196443}.Release|Any CPU.ActiveCfg = Release|Any CPU
		{76A4BEF1-EFF6-4DD4-A9F8-529653196443}.Release|Any CPU.Build.0 = Release|Any CPU
	EndGlobalSection
EndGlobal
